
Microsoft Visual Studio Solution File, Format Version 12.00
# Visual Studio Version 17
VisualStudioVersion = 17.7.34202.233
MinimumVisualStudioVersion = 10.0.40219.1
Project("{FAE04EC0-301F-11D3-BF4B-00C04F79EFBC}") = "26.03.2024(1)", "26.03.2024(1)\26.03.2024(1).csproj", "{1C04911E-8061-4F13-86CA-7AC7A4D2C092}"
EndProject
Global
	GlobalSection(SolutionConfigurationPlatforms) = preSolution
		Debug|Any CPU = Debug|Any CPU
		Release|Any CPU = Release|Any CPU
	EndGlobalSection
	GlobalSection(ProjectConfigurationPlatforms) = postSolution
		{1C04911E-8061-4F13-86CA-7AC7A4D2C092}.Debug|Any CPU.ActiveCfg = Debug|Any CPU
		{1C04911E-8061-4F13-86CA-7AC7A4D2C092}.Debug|Any CPU.Build.0 = Debug|Any CPU
		{1C04911E-8061-4F13-86CA-7AC7A4D2C092}.Release|Any CPU.ActiveCfg = Release|Any CPU
		{1C04911E-8061-4F13-86CA-7AC7A4D2C092}.Release|Any CPU.Build.0 = Release|Any CPU
	EndGlobalSection
	GlobalSection(SolutionProperties) = preSolution
		HideSolutionNode = FALSE
	EndGlobalSection
	GlobalSection(ExtensibilityGlobals) = postSolution
		SolutionGuid = {19A7F3D1-A1EE-4D89-A525-0DDFFA243443}
	EndGlobalSection
EndGlobal
