
Microsoft Visual Studio Solution File, Format Version 12.00
# Visual Studio Version 17
VisualStudioVersion = 17.7.34202.233
MinimumVisualStudioVersion = 10.0.40219.1
Project("{FAE04EC0-301F-11D3-BF4B-00C04F79EFBC}") = "13.02.2024(1)", "13.02.2024(1)\13.02.2024(1).csproj", "{B1D6FEB7-F97D-415D-98D9-EE53E8F5EB13}"
EndProject
Global
	GlobalSection(SolutionConfigurationPlatforms) = preSolution
		Debug|Any CPU = Debug|Any CPU
		Release|Any CPU = Release|Any CPU
	EndGlobalSection
	GlobalSection(ProjectConfigurationPlatforms) = postSolution
		{B1D6FEB7-F97D-415D-98D9-EE53E8F5EB13}.Debug|Any CPU.ActiveCfg = Debug|Any CPU
		{B1D6FEB7-F97D-415D-98D9-EE53E8F5EB13}.Debug|Any CPU.Build.0 = Debug|Any CPU
		{B1D6FEB7-F97D-415D-98D9-EE53E8F5EB13}.Release|Any CPU.ActiveCfg = Release|Any CPU
		{B1D6FEB7-F97D-415D-98D9-EE53E8F5EB13}.Release|Any CPU.Build.0 = Release|Any CPU
	EndGlobalSection
	GlobalSection(SolutionProperties) = preSolution
		HideSolutionNode = FALSE
	EndGlobalSection
	GlobalSection(ExtensibilityGlobals) = postSolution
		SolutionGuid = {AC2FCAC8-180D-4B36-BD6D-660F1B193F3B}
	EndGlobalSection
EndGlobal
